
Microsoft Visual Studio Solution File, Format Version 12.00
# Visual Studio Version 16
VisualStudioVersion = 16.0.30225.117
MinimumVisualStudioVersion = 10.0.40219.1
Project("{FAE04EC0-301F-11D3-BF4B-00C04F79EFBC}") = "prog5", "prog5.csproj", "{E8B35474-BC0F-41F0-87B4-0D4F80CFDBC3}"
EndProject
Global
	GlobalSection(SolutionConfigurationPlatforms) = preSolution
		Debug|Any CPU = Debug|Any CPU
		Release|Any CPU = Release|Any CPU
	EndGlobalSection
	GlobalSection(ProjectConfigurationPlatforms) = postSolution
		{E8B35474-BC0F-41F0-87B4-0D4F80CFDBC3}.Debug|Any CPU.ActiveCfg = Debug|Any CPU
		{E8B35474-BC0F-41F0-87B4-0D4F80CFDBC3}.Debug|Any CPU.Build.0 = Debug|Any CPU
		{E8B35474-BC0F-41F0-87B4-0D4F80CFDBC3}.Release|Any CPU.ActiveCfg = Release|Any CPU
		{E8B35474-BC0F-41F0-87B4-0D4F80CFDBC3}.Release|Any CPU.Build.0 = Release|Any CPU
	EndGlobalSection
	GlobalSection(SolutionProperties) = preSolution
		HideSolutionNode = FALSE
	EndGlobalSection
	GlobalSection(ExtensibilityGlobals) = postSolution
		SolutionGuid = {135B229F-595D-4006-B981-90D132537D25}
	EndGlobalSection
EndGlobal
